
Microsoft Visual Studio Solution File, Format Version 12.00
# Visual Studio Version 16
VisualStudioVersion = 16.0.30611.23
MinimumVisualStudioVersion = 10.0.40219.1
Project("{FAE04EC0-301F-11D3-BF4B-00C04F79EFBC}") = "RecipeBook", "RecipeBook\RecipeBook.csproj", "{FF1F8CD0-538E-4BAC-9D1B-78A4A01BF712}"
EndProject
Global
	GlobalSection(SolutionConfigurationPlatforms) = preSolution
		Debug|Any CPU = Debug|Any CPU
		Release|Any CPU = Release|Any CPU
	EndGlobalSection
	GlobalSection(ProjectConfigurationPlatforms) = postSolution
		{FF1F8CD0-538E-4BAC-9D1B-78A4A01BF712}.Debug|Any CPU.ActiveCfg = Debug|Any CPU
		{FF1F8CD0-538E-4BAC-9D1B-78A4A01BF712}.Debug|Any CPU.Build.0 = Debug|Any CPU
		{FF1F8CD0-538E-4BAC-9D1B-78A4A01BF712}.Release|Any CPU.ActiveCfg = Release|Any CPU
		{FF1F8CD0-538E-4BAC-9D1B-78A4A01BF712}.Release|Any CPU.Build.0 = Release|Any CPU
	EndGlobalSection
	GlobalSection(SolutionProperties) = preSolution
		HideSolutionNode = FALSE
	EndGlobalSection
	GlobalSection(ExtensibilityGlobals) = postSolution
		SolutionGuid = {98D746C9-D113-44DD-9194-DF67781363E7}
	EndGlobalSection
EndGlobal
